
Microsoft Visual Studio Solution File, Format Version 12.00
# Visual Studio 15
VisualStudioVersion = 15.0.27703.2042
MinimumVisualStudioVersion = 10.0.40219.1
Project("{FAE04EC0-301F-11D3-BF4B-00C04F79EFBC}") = "CoreGbMSE", "CoreGbMSE\CoreGbMSE.csproj", "{32FF74EB-9B64-4880-A3AD-A1CB4F14983B}"
EndProject
Global
	GlobalSection(SolutionConfigurationPlatforms) = preSolution
		Debug|Any CPU = Debug|Any CPU
		Release|Any CPU = Release|Any CPU
	EndGlobalSection
	GlobalSection(ProjectConfigurationPlatforms) = postSolution
		{32FF74EB-9B64-4880-A3AD-A1CB4F14983B}.Debug|Any CPU.ActiveCfg = Debug|Any CPU
		{32FF74EB-9B64-4880-A3AD-A1CB4F14983B}.Debug|Any CPU.Build.0 = Debug|Any CPU
		{32FF74EB-9B64-4880-A3AD-A1CB4F14983B}.Release|Any CPU.ActiveCfg = Release|Any CPU
		{32FF74EB-9B64-4880-A3AD-A1CB4F14983B}.Release|Any CPU.Build.0 = Release|Any CPU
	EndGlobalSection
	GlobalSection(SolutionProperties) = preSolution
		HideSolutionNode = FALSE
	EndGlobalSection
	GlobalSection(ExtensibilityGlobals) = postSolution
		SolutionGuid = {051BB95B-0631-4114-A0D7-F63A46E17C9B}
	EndGlobalSection
EndGlobal
